
Microsoft Visual Studio Solution File, Format Version 12.00
# Visual Studio Version 16
VisualStudioVersion = 16.0.31129.286
MinimumVisualStudioVersion = 10.0.40219.1
Project("{9A19103F-16F7-4668-BE54-9A1E7A4F7556}") = "Flexmonster.Blazor.Sample", "Flexmonster.Blazor.Sample\Flexmonster.Blazor.Sample.csproj", "{CE0833B6-F059-4FD0-A6E7-2EC5DDE13D6F}"
EndProject
Global
	GlobalSection(SolutionConfigurationPlatforms) = preSolution
		Debug|Any CPU = Debug|Any CPU
		Release|Any CPU = Release|Any CPU
	EndGlobalSection
	GlobalSection(ProjectConfigurationPlatforms) = postSolution
		{CE0833B6-F059-4FD0-A6E7-2EC5DDE13D6F}.Debug|Any CPU.ActiveCfg = Debug|Any CPU
		{CE0833B6-F059-4FD0-A6E7-2EC5DDE13D6F}.Debug|Any CPU.Build.0 = Debug|Any CPU
		{CE0833B6-F059-4FD0-A6E7-2EC5DDE13D6F}.Release|Any CPU.ActiveCfg = Release|Any CPU
		{CE0833B6-F059-4FD0-A6E7-2EC5DDE13D6F}.Release|Any CPU.Build.0 = Release|Any CPU
	EndGlobalSection
	GlobalSection(SolutionProperties) = preSolution
		HideSolutionNode = FALSE
	EndGlobalSection
	GlobalSection(ExtensibilityGlobals) = postSolution
		SolutionGuid = {0DC56449-B6DA-41DE-814E-EEB84E6F9523}
	EndGlobalSection
EndGlobal
